// !$*UTF8*$!
{
	archiveVersion = 1;
	classes = {
	};
	objectVersion = 77;
	objects = {

/* Begin PBXBuildFile section */
		4054F4DD2D57F4AD00B48550 /* Dictionary+Ext.swift in Sources */ = {isa = PBXBuildFile; fileRef = 4054F4DC2D57F4AD00B48550 /* Dictionary+Ext.swift */; };
		4054F4E02D5C279200B48550 /* Constants+Utils.swift in Sources */ = {isa = PBXBuildFile; fileRef = 4054F4DF2D5C279200B48550 /* Constants+Utils.swift */; };
		40691A302D66A9E4008C453D /* NetworkManager.swift in Sources */ = {isa = PBXBuildFile; fileRef = 40691A2F2D66A9E4008C453D /* NetworkManager.swift */; };
		40691A332D681E94008C453D /* HomeVC+Ext.swift in Sources */ = {isa = PBXBuildFile; fileRef = 40691A322D681E94008C453D /* HomeVC+Ext.swift */; };
		409BF2D72D53B70D00399B14 /* AppDelegate.swift in Sources */ = {isa = PBXBuildFile; fileRef = 409BF2CB2D53B70D00399B14 /* AppDelegate.swift */; };
		409BF2D82D53B70D00399B14 /* Milestone4_HangMan.xcdatamodeld in Sources */ = {isa = PBXBuildFile; fileRef = 409BF2D22D53B70D00399B14 /* Milestone4_HangMan.xcdatamodeld */; };
		409BF2D92D53B70D00399B14 /* SceneDelegate.swift in Sources */ = {isa = PBXBuildFile; fileRef = 409BF2D32D53B70D00399B14 /* SceneDelegate.swift */; };
		409BF2DA2D53B70D00399B14 /* HomeVC.swift in Sources */ = {isa = PBXBuildFile; fileRef = 409BF2D42D53B70D00399B14 /* HomeVC.swift */; };
		409BF2DB2D53B70D00399B14 /* Assets.xcassets in Resources */ = {isa = PBXBuildFile; fileRef = 409BF2CC2D53B70D00399B14 /* Assets.xcassets */; };
		409BF2DD2D53B70D00399B14 /* LaunchScreen.storyboard in Resources */ = {isa = PBXBuildFile; fileRef = 409BF2CF2D53B70D00399B14 /* LaunchScreen.storyboard */; };
		409BF2DE2D53B70D00399B14 /* Main.storyboard in Resources */ = {isa = PBXBuildFile; fileRef = 409BF2D12D53B70D00399B14 /* Main.storyboard */; };
		409BF2E72D53C3DB00399B14 /* words.txt in Resources */ = {isa = PBXBuildFile; fileRef = 409BF2E62D53C3DB00399B14 /* words.txt */; };
/* End PBXBuildFile section */

/* Begin PBXContainerItemProxy section */
		409BF2AE2D53B65D00399B14 /* PBXContainerItemProxy */ = {
			isa = PBXContainerItemProxy;
			containerPortal = 409BF28C2D53B65400399B14 /* Project object */;
			proxyType = 1;
			remoteGlobalIDString = 409BF2932D53B65400399B14;
			remoteInfo = "Milestone4-HangMan";
		};
		409BF2B82D53B65D00399B14 /* PBXContainerItemProxy */ = {
			isa = PBXContainerItemProxy;
			containerPortal = 409BF28C2D53B65400399B14 /* Project object */;
			proxyType = 1;
			remoteGlobalIDString = 409BF2932D53B65400399B14;
			remoteInfo = "Milestone4-HangMan";
		};
/* End PBXContainerItemProxy section */

/* Begin PBXFileReference section */
		4054F4DC2D57F4AD00B48550 /* Dictionary+Ext.swift */ = {isa = PBXFileReference; lastKnownFileType = sourcecode.swift; path = "Dictionary+Ext.swift"; sourceTree = "<group>"; };
		4054F4DF2D5C279200B48550 /* Constants+Utils.swift */ = {isa = PBXFileReference; lastKnownFileType = sourcecode.swift; path = "Constants+Utils.swift"; sourceTree = "<group>"; };
		40691A2F2D66A9E4008C453D /* NetworkManager.swift */ = {isa = PBXFileReference; lastKnownFileType = sourcecode.swift; path = NetworkManager.swift; sourceTree = "<group>"; };
		40691A322D681E94008C453D /* HomeVC+Ext.swift */ = {isa = PBXFileReference; lastKnownFileType = sourcecode.swift; path = "HomeVC+Ext.swift"; sourceTree = "<group>"; };
		409BF2942D53B65400399B14 /* Milestone4-HangMan.app */ = {isa = PBXFileReference; explicitFileType = wrapper.application; includeInIndex = 0; path = "Milestone4-HangMan.app"; sourceTree = BUILT_PRODUCTS_DIR; };
		409BF2AD2D53B65D00399B14 /* Milestone4-HangManTests.xctest */ = {isa = PBXFileReference; explicitFileType = wrapper.cfbundle; includeInIndex = 0; path = "Milestone4-HangManTests.xctest"; sourceTree = BUILT_PRODUCTS_DIR; };
		409BF2B72D53B65D00399B14 /* Milestone4-HangManUITests.xctest */ = {isa = PBXFileReference; explicitFileType = wrapper.cfbundle; includeInIndex = 0; path = "Milestone4-HangManUITests.xctest"; sourceTree = BUILT_PRODUCTS_DIR; };
		409BF2CB2D53B70D00399B14 /* AppDelegate.swift */ = {isa = PBXFileReference; lastKnownFileType = sourcecode.swift; path = AppDelegate.swift; sourceTree = "<group>"; };
		409BF2CC2D53B70D00399B14 /* Assets.xcassets */ = {isa = PBXFileReference; lastKnownFileType = folder.assetcatalog; path = Assets.xcassets; sourceTree = "<group>"; };
		409BF2CD2D53B70D00399B14 /* Info.plist */ = {isa = PBXFileReference; lastKnownFileType = text.plist.xml; path = Info.plist; sourceTree = "<group>"; };
		409BF2CE2D53B70D00399B14 /* Base */ = {isa = PBXFileReference; lastKnownFileType = file.storyboard; name = Base; path = Base.lproj/LaunchScreen.storyboard; sourceTree = "<group>"; };
		409BF2D02D53B70D00399B14 /* Base */ = {isa = PBXFileReference; lastKnownFileType = file.storyboard; name = Base; path = Base.lproj/Main.storyboard; sourceTree = "<group>"; };
		409BF2D32D53B70D00399B14 /* SceneDelegate.swift */ = {isa = PBXFileReference; lastKnownFileType = sourcecode.swift; path = SceneDelegate.swift; sourceTree = "<group>"; };
		409BF2D42D53B70D00399B14 /* HomeVC.swift */ = {isa = PBXFileReference; lastKnownFileType = sourcecode.swift; path = HomeVC.swift; sourceTree = "<group>"; };
		409BF2D62D53B70D00399B14 /* Milestone4_HangMan.xcdatamodel */ = {isa = PBXFileReference; lastKnownFileType = wrapper.xcdatamodel; path = Milestone4_HangMan.xcdatamodel; sourceTree = "<group>"; };
		409BF2E62D53C3DB00399B14 /* words.txt */ = {isa = PBXFileReference; lastKnownFileType = text; path = words.txt; sourceTree = "<group>"; };
/* End PBXFileReference section */

/* Begin PBXFileSystemSynchronizedRootGroup section */
		409BF2B02D53B65D00399B14 /* Milestone4-HangManTests */ = {
			isa = PBXFileSystemSynchronizedRootGroup;
			path = "Milestone4-HangManTests";
			sourceTree = "<group>";
		};
		409BF2BA2D53B65D00399B14 /* Milestone4-HangManUITests */ = {
			isa = PBXFileSystemSynchronizedRootGroup;
			path = "Milestone4-HangManUITests";
			sourceTree = "<group>";
		};
/* End PBXFileSystemSynchronizedRootGroup section */

/* Begin PBXFrameworksBuildPhase section */
		409BF2912D53B65400399B14 /* Frameworks */ = {
			isa = PBXFrameworksBuildPhase;
			buildActionMask = 2147483647;
			files = (
			);
			runOnlyForDeploymentPostprocessing = 0;
		};
		409BF2AA2D53B65D00399B14 /* Frameworks */ = {
			isa = PBXFrameworksBuildPhase;
			buildActionMask = 2147483647;
			files = (
			);
			runOnlyForDeploymentPostprocessing = 0;
		};
		409BF2B42D53B65D00399B14 /* Frameworks */ = {
			isa = PBXFrameworksBuildPhase;
			buildActionMask = 2147483647;
			files = (
			);
			runOnlyForDeploymentPostprocessing = 0;
		};
/* End PBXFrameworksBuildPhase section */

/* Begin PBXGroup section */
		4054F4DB2D56F2CA00B48550 /* Utilities */ = {
			isa = PBXGroup;
			children = (
				4054F4DF2D5C279200B48550 /* Constants+Utils.swift */,
			);
			path = Utilities;
			sourceTree = "<group>";
		};
		40691A2E2D66A9C5008C453D /* Managers */ = {
			isa = PBXGroup;
			children = (
				40691A2F2D66A9E4008C453D /* NetworkManager.swift */,
			);
			path = Managers;
			sourceTree = "<group>";
		};
		409BF28B2D53B65400399B14 = {
			isa = PBXGroup;
			children = (
				409BF2D52D53B70D00399B14 /* Milestone4-HangMan */,
				409BF2B02D53B65D00399B14 /* Milestone4-HangManTests */,
				409BF2BA2D53B65D00399B14 /* Milestone4-HangManUITests */,
				409BF2952D53B65400399B14 /* Products */,
			);
			sourceTree = "<group>";
		};
		409BF2952D53B65400399B14 /* Products */ = {
			isa = PBXGroup;
			children = (
				409BF2942D53B65400399B14 /* Milestone4-HangMan.app */,
				409BF2AD2D53B65D00399B14 /* Milestone4-HangManTests.xctest */,
				409BF2B72D53B65D00399B14 /* Milestone4-HangManUITests.xctest */,
			);
			name = Products;
			sourceTree = "<group>";
		};
		409BF2D52D53B70D00399B14 /* Milestone4-HangMan */ = {
			isa = PBXGroup;
			children = (
				409BF2E52D53BFD200399B14 /* Extensions */,
				4054F4DB2D56F2CA00B48550 /* Utilities */,
				40691A2E2D66A9C5008C453D /* Managers */,
				409BF2E02D53B7AF00399B14 /* Screens */,
				409BF2DF2D53B72200399B14 /* Support */,
				409BF2E62D53C3DB00399B14 /* words.txt */,
				409BF2CD2D53B70D00399B14 /* Info.plist */,
			);
			path = "Milestone4-HangMan";
			sourceTree = "<group>";
		};
		409BF2DF2D53B72200399B14 /* Support */ = {
			isa = PBXGroup;
			children = (
				409BF2CB2D53B70D00399B14 /* AppDelegate.swift */,
				409BF2D32D53B70D00399B14 /* SceneDelegate.swift */,
				409BF2CF2D53B70D00399B14 /* LaunchScreen.storyboard */,
				409BF2D12D53B70D00399B14 /* Main.storyboard */,
				409BF2D22D53B70D00399B14 /* Milestone4_HangMan.xcdatamodeld */,
				409BF2CC2D53B70D00399B14 /* Assets.xcassets */,
			);
			path = Support;
			sourceTree = "<group>";
		};
		409BF2E02D53B7AF00399B14 /* Screens */ = {
			isa = PBXGroup;
			children = (
				409BF2D42D53B70D00399B14 /* HomeVC.swift */,
			);
			path = Screens;
			sourceTree = "<group>";
		};
		409BF2E52D53BFD200399B14 /* Extensions */ = {
			isa = PBXGroup;
			children = (
				4054F4DC2D57F4AD00B48550 /* Dictionary+Ext.swift */,
				40691A322D681E94008C453D /* HomeVC+Ext.swift */,
			);
			path = Extensions;
			sourceTree = "<group>";
		};
/* End PBXGroup section */

/* Begin PBXNativeTarget section */
		409BF2932D53B65400399B14 /* Milestone4-HangMan */ = {
			isa = PBXNativeTarget;
			buildConfigurationList = 409BF2C02D53B65D00399B14 /* Build configuration list for PBXNativeTarget "Milestone4-HangMan" */;
			buildPhases = (
				409BF2902D53B65400399B14 /* Sources */,
				409BF2912D53B65400399B14 /* Frameworks */,
				409BF2922D53B65400399B14 /* Resources */,
			);
			buildRules = (
			);
			dependencies = (
			);
			name = "Milestone4-HangMan";
			packageProductDependencies = (
			);
			productName = "Milestone4-HangMan";
			productReference = 409BF2942D53B65400399B14 /* Milestone4-HangMan.app */;
			productType = "com.apple.product-type.application";
		};
		409BF2AC2D53B65D00399B14 /* Milestone4-HangManTests */ = {
			isa = PBXNativeTarget;
			buildConfigurationList = 409BF2C52D53B65D00399B14 /* Build configuration list for PBXNativeTarget "Milestone4-HangManTests" */;
			buildPhases = (
				409BF2A92D53B65D00399B14 /* Sources */,
				409BF2AA2D53B65D00399B14 /* Frameworks */,
				409BF2AB2D53B65D00399B14 /* Resources */,
			);
			buildRules = (
			);
			dependencies = (
				409BF2AF2D53B65D00399B14 /* PBXTargetDependency */,
			);
			fileSystemSynchronizedGroups = (
				409BF2B02D53B65D00399B14 /* Milestone4-HangManTests */,
			);
			name = "Milestone4-HangManTests";
			packageProductDependencies = (
			);
			productName = "Milestone4-HangManTests";
			productReference = 409BF2AD2D53B65D00399B14 /* Milestone4-HangManTests.xctest */;
			productType = "com.apple.product-type.bundle.unit-test";
		};
		409BF2B62D53B65D00399B14 /* Milestone4-HangManUITests */ = {
			isa = PBXNativeTarget;
			buildConfigurationList = 409BF2C82D53B65D00399B14 /* Build configuration list for PBXNativeTarget "Milestone4-HangManUITests" */;
			buildPhases = (
				409BF2B32D53B65D00399B14 /* Sources */,
				409BF2B42D53B65D00399B14 /* Frameworks */,
				409BF2B52D53B65D00399B14 /* Resources */,
			);
			buildRules = (
			);
			dependencies = (
				409BF2B92D53B65D00399B14 /* PBXTargetDependency */,
			);
			fileSystemSynchronizedGroups = (
				409BF2BA2D53B65D00399B14 /* Milestone4-HangManUITests */,
			);
			name = "Milestone4-HangManUITests";
			packageProductDependencies = (
			);
			productName = "Milestone4-HangManUITests";
			productReference = 409BF2B72D53B65D00399B14 /* Milestone4-HangManUITests.xctest */;
			productType = "com.apple.product-type.bundle.ui-testing";
		};
/* End PBXNativeTarget section */

/* Begin PBXProject section */
		409BF28C2D53B65400399B14 /* Project object */ = {
			isa = PBXProject;
			attributes = {
				BuildIndependentTargetsInParallel = 1;
				LastSwiftUpdateCheck = 1620;
				LastUpgradeCheck = 1620;
				TargetAttributes = {
					409BF2932D53B65400399B14 = {
						CreatedOnToolsVersion = 16.2;
					};
					409BF2AC2D53B65D00399B14 = {
						CreatedOnToolsVersion = 16.2;
						TestTargetID = 409BF2932D53B65400399B14;
					};
					409BF2B62D53B65D00399B14 = {
						CreatedOnToolsVersion = 16.2;
						TestTargetID = 409BF2932D53B65400399B14;
					};
				};
			};
			buildConfigurationList = 409BF28F2D53B65400399B14 /* Build configuration list for PBXProject "Milestone4-HangMan" */;
			developmentRegion = en;
			hasScannedForEncodings = 0;
			knownRegions = (
				en,
				Base,
			);
			mainGroup = 409BF28B2D53B65400399B14;
			minimizedProjectReferenceProxies = 1;
			preferredProjectObjectVersion = 77;
			productRefGroup = 409BF2952D53B65400399B14 /* Products */;
			projectDirPath = "";
			projectRoot = "";
			targets = (
				409BF2932D53B65400399B14 /* Milestone4-HangMan */,
				409BF2AC2D53B65D00399B14 /* Milestone4-HangManTests */,
				409BF2B62D53B65D00399B14 /* Milestone4-HangManUITests */,
			);
		};
/* End PBXProject section */

/* Begin PBXResourcesBuildPhase section */
		409BF2922D53B65400399B14 /* Resources */ = {
			isa = PBXResourcesBuildPhase;
			buildActionMask = 2147483647;
			files = (
				409BF2DB2D53B70D00399B14 /* Assets.xcassets in Resources */,
				409BF2E72D53C3DB00399B14 /* words.txt in Resources */,
				409BF2DD2D53B70D00399B14 /* LaunchScreen.storyboard in Resources */,
				409BF2DE2D53B70D00399B14 /* Main.storyboard in Resources */,
			);
			runOnlyForDeploymentPostprocessing = 0;
		};
		409BF2AB2D53B65D00399B14 /* Resources */ = {
			isa = PBXResourcesBuildPhase;
			buildActionMask = 2147483647;
			files = (
			);
			runOnlyForDeploymentPostprocessing = 0;
		};
		409BF2B52D53B65D00399B14 /* Resources */ = {
			isa = PBXResourcesBuildPhase;
			buildActionMask = 2147483647;
			files = (
			);
			runOnlyForDeploymentPostprocessing = 0;
		};
/* End PBXResourcesBuildPhase section */

/* Begin PBXSourcesBuildPhase section */
		409BF2902D53B65400399B14 /* Sources */ = {
			isa = PBXSourcesBuildPhase;
			buildActionMask = 2147483647;
			files = (
				409BF2D72D53B70D00399B14 /* AppDelegate.swift in Sources */,
				40691A332D681E94008C453D /* HomeVC+Ext.swift in Sources */,
				4054F4E02D5C279200B48550 /* Constants+Utils.swift in Sources */,
				4054F4DD2D57F4AD00B48550 /* Dictionary+Ext.swift in Sources */,
				40691A302D66A9E4008C453D /* NetworkManager.swift in Sources */,
				409BF2D82D53B70D00399B14 /* Milestone4_HangMan.xcdatamodeld in Sources */,
				409BF2D92D53B70D00399B14 /* SceneDelegate.swift in Sources */,
				409BF2DA2D53B70D00399B14 /* HomeVC.swift in Sources */,
			);
			runOnlyForDeploymentPostprocessing = 0;
		};
		409BF2A92D53B65D00399B14 /* Sources */ = {
			isa = PBXSourcesBuildPhase;
			buildActionMask = 2147483647;
			files = (
			);
			runOnlyForDeploymentPostprocessing = 0;
		};
		409BF2B32D53B65D00399B14 /* Sources */ = {
			isa = PBXSourcesBuildPhase;
			buildActionMask = 2147483647;
			files = (
			);
			runOnlyForDeploymentPostprocessing = 0;
		};
/* End PBXSourcesBuildPhase section */

/* Begin PBXTargetDependency section */
		409BF2AF2D53B65D00399B14 /* PBXTargetDependency */ = {
			isa = PBXTargetDependency;
			target = 409BF2932D53B65400399B14 /* Milestone4-HangMan */;
			targetProxy = 409BF2AE2D53B65D00399B14 /* PBXContainerItemProxy */;
		};
		409BF2B92D53B65D00399B14 /* PBXTargetDependency */ = {
			isa = PBXTargetDependency;
			target = 409BF2932D53B65400399B14 /* Milestone4-HangMan */;
			targetProxy = 409BF2B82D53B65D00399B14 /* PBXContainerItemProxy */;
		};
/* End PBXTargetDependency section */

/* Begin PBXVariantGroup section */
		409BF2CF2D53B70D00399B14 /* LaunchScreen.storyboard */ = {
			isa = PBXVariantGroup;
			children = (
				409BF2CE2D53B70D00399B14 /* Base */,
			);
			name = LaunchScreen.storyboard;
			sourceTree = "<group>";
		};
		409BF2D12D53B70D00399B14 /* Main.storyboard */ = {
			isa = PBXVariantGroup;
			children = (
				409BF2D02D53B70D00399B14 /* Base */,
			);
			name = Main.storyboard;
			sourceTree = "<group>";
		};
/* End PBXVariantGroup section */

/* Begin XCBuildConfiguration section */
		409BF2C12D53B65D00399B14 /* Debug */ = {
			isa = XCBuildConfiguration;
			buildSettings = {
				ASSETCATALOG_COMPILER_APPICON_NAME = AppIcon;
				ASSETCATALOG_COMPILER_GLOBAL_ACCENT_COLOR_NAME = AccentColor;
				CODE_SIGN_STYLE = Automatic;
				CURRENT_PROJECT_VERSION = 1;
				DEVELOPMENT_TEAM = M9MT23QW7V;
				GENERATE_INFOPLIST_FILE = YES;
				INFOPLIST_FILE = "Milestone4-HangMan/Info.plist";
				INFOPLIST_KEY_UIApplicationSupportsIndirectInputEvents = YES;
				INFOPLIST_KEY_UILaunchStoryboardName = LaunchScreen;
				INFOPLIST_KEY_UIMainStoryboardFile = Main;
				INFOPLIST_KEY_UISupportedInterfaceOrientations_iPad = "UIInterfaceOrientationLandscapeLeft UIInterfaceOrientationLandscapeRight";
				LD_RUNPATH_SEARCH_PATHS = (
					"$(inherited)",
					"@executable_path/Frameworks",
				);
				MARKETING_VERSION = 1.0;
				PRODUCT_BUNDLE_IDENTIFIER = "noahpope.Milestone4-HangMan";
				PRODUCT_NAME = "$(TARGET_NAME)";
				SWIFT_EMIT_LOC_STRINGS = YES;
				SWIFT_VERSION = 5.0;
				TARGETED_DEVICE_FAMILY = "1,2";
			};
			name = Debug;
		};
		409BF2C22D53B65D00399B14 /* Release */ = {
			isa = XCBuildConfiguration;
			buildSettings = {
				ASSETCATALOG_COMPILER_APPICON_NAME = AppIcon;
				ASSETCATALOG_COMPILER_GLOBAL_ACCENT_COLOR_NAME = AccentColor;
				CODE_SIGN_STYLE = Automatic;
				CURRENT_PROJECT_VERSION = 1;
				DEVELOPMENT_TEAM = M9MT23QW7V;
				GENERATE_INFOPLIST_FILE = YES;
				INFOPLIST_FILE = "Milestone4-HangMan/Info.plist";
				INFOPLIST_KEY_UIApplicationSupportsIndirectInputEvents = YES;
				INFOPLIST_KEY_UILaunchStoryboardName = LaunchScreen;
				INFOPLIST_KEY_UIMainStoryboardFile = Main;
				INFOPLIST_KEY_UISupportedInterfaceOrientations_iPad = "UIInterfaceOrientationLandscapeLeft UIInterfaceOrientationLandscapeRight";
				LD_RUNPATH_SEARCH_PATHS = (
					"$(inherited)",
					"@executable_path/Frameworks",
				);
				MARKETING_VERSION = 1.0;
				PRODUCT_BUNDLE_IDENTIFIER = "noahpope.Milestone4-HangMan";
				PRODUCT_NAME = "$(TARGET_NAME)";
				SWIFT_EMIT_LOC_STRINGS = YES;
				SWIFT_VERSION = 5.0;
				TARGETED_DEVICE_FAMILY = "1,2";
			};
			name = Release;
		};
		409BF2C32D53B65D00399B14 /* Debug */ = {
			isa = XCBuildConfiguration;
			buildSettings = {
				ALWAYS_SEARCH_USER_PATHS = NO;
				ASSETCATALOG_COMPILER_GENERATE_SWIFT_ASSET_SYMBOL_EXTENSIONS = YES;
				CLANG_ANALYZER_NONNULL = YES;
				CLANG_ANALYZER_NUMBER_OBJECT_CONVERSION = YES_AGGRESSIVE;
				CLANG_CXX_LANGUAGE_STANDARD = "gnu++20";
				CLANG_ENABLE_MODULES = YES;
				CLANG_ENABLE_OBJC_ARC = YES;
				CLANG_ENABLE_OBJC_WEAK = YES;
				CLANG_WARN_BLOCK_CAPTURE_AUTORELEASING = YES;
				CLANG_WARN_BOOL_CONVERSION = YES;
				CLANG_WARN_COMMA = YES;
				CLANG_WARN_CONSTANT_CONVERSION = YES;
				CLANG_WARN_DEPRECATED_OBJC_IMPLEMENTATIONS = YES;
				CLANG_WARN_DIRECT_OBJC_ISA_USAGE = YES_ERROR;
				CLANG_WARN_DOCUMENTATION_COMMENTS = YES;
				CLANG_WARN_EMPTY_BODY = YES;
				CLANG_WARN_ENUM_CONVERSION = YES;
				CLANG_WARN_INFINITE_RECURSION = YES;
				CLANG_WARN_INT_CONVERSION = YES;
				CLANG_WARN_NON_LITERAL_NULL_CONVERSION = YES;
				CLANG_WARN_OBJC_IMPLICIT_RETAIN_SELF = YES;
				CLANG_WARN_OBJC_LITERAL_CONVERSION = YES;
				CLANG_WARN_OBJC_ROOT_CLASS = YES_ERROR;
				CLANG_WARN_QUOTED_INCLUDE_IN_FRAMEWORK_HEADER = YES;
				CLANG_WARN_RANGE_LOOP_ANALYSIS = YES;
				CLANG_WARN_STRICT_PROTOTYPES = YES;
				CLANG_WARN_SUSPICIOUS_MOVE = YES;
				CLANG_WARN_UNGUARDED_AVAILABILITY = YES_AGGRESSIVE;
				CLANG_WARN_UNREACHABLE_CODE = YES;
				CLANG_WARN__DUPLICATE_METHOD_MATCH = YES;
				COPY_PHASE_STRIP = NO;
				DEBUG_INFORMATION_FORMAT = dwarf;
				ENABLE_STRICT_OBJC_MSGSEND = YES;
				ENABLE_TESTABILITY = YES;
				ENABLE_USER_SCRIPT_SANDBOXING = YES;
				GCC_C_LANGUAGE_STANDARD = gnu17;
				GCC_DYNAMIC_NO_PIC = NO;
				GCC_NO_COMMON_BLOCKS = YES;
				GCC_OPTIMIZATION_LEVEL = 0;
				GCC_PREPROCESSOR_DEFINITIONS = (
					"DEBUG=1",
					"$(inherited)",
				);
				GCC_WARN_64_TO_32_BIT_CONVERSION = YES;
				GCC_WARN_ABOUT_RETURN_TYPE = YES_ERROR;
				GCC_WARN_UNDECLARED_SELECTOR = YES;
				GCC_WARN_UNINITIALIZED_AUTOS = YES_AGGRESSIVE;
				GCC_WARN_UNUSED_FUNCTION = YES;
				GCC_WARN_UNUSED_VARIABLE = YES;
				IPHONEOS_DEPLOYMENT_TARGET = 18.2;
				LOCALIZATION_PREFERS_STRING_CATALOGS = YES;
				MTL_ENABLE_DEBUG_INFO = INCLUDE_SOURCE;
				MTL_FAST_MATH = YES;
				ONLY_ACTIVE_ARCH = YES;
				SDKROOT = iphoneos;
				SWIFT_ACTIVE_COMPILATION_CONDITIONS = "DEBUG $(inherited)";
				SWIFT_OPTIMIZATION_LEVEL = "-Onone";
			};
			name = Debug;
		};
		409BF2C42D53B65D00399B14 /* Release */ = {
			isa = XCBuildConfiguration;
			buildSettings = {
				ALWAYS_SEARCH_USER_PATHS = NO;
				ASSETCATALOG_COMPILER_GENERATE_SWIFT_ASSET_SYMBOL_EXTENSIONS = YES;
				CLANG_ANALYZER_NONNULL = YES;
				CLANG_ANALYZER_NUMBER_OBJECT_CONVERSION = YES_AGGRESSIVE;
				CLANG_CXX_LANGUAGE_STANDARD = "gnu++20";
				CLANG_ENABLE_MODULES = YES;
				CLANG_ENABLE_OBJC_ARC = YES;
				CLANG_ENABLE_OBJC_WEAK = YES;
				CLANG_WARN_BLOCK_CAPTURE_AUTORELEASING = YES;
				CLANG_WARN_BOOL_CONVERSION = YES;
				CLANG_WARN_COMMA = YES;
				CLANG_WARN_CONSTANT_CONVERSION = YES;
				CLANG_WARN_DEPRECATED_OBJC_IMPLEMENTATIONS = YES;
				CLANG_WARN_DIRECT_OBJC_ISA_USAGE = YES_ERROR;
				CLANG_WARN_DOCUMENTATION_COMMENTS = YES;
				CLANG_WARN_EMPTY_BODY = YES;
				CLANG_WARN_ENUM_CONVERSION = YES;
				CLANG_WARN_INFINITE_RECURSION = YES;
				CLANG_WARN_INT_CONVERSION = YES;
				CLANG_WARN_NON_LITERAL_NULL_CONVERSION = YES;
				CLANG_WARN_OBJC_IMPLICIT_RETAIN_SELF = YES;
				CLANG_WARN_OBJC_LITERAL_CONVERSION = YES;
				CLANG_WARN_OBJC_ROOT_CLASS = YES_ERROR;
				CLANG_WARN_QUOTED_INCLUDE_IN_FRAMEWORK_HEADER = YES;
				CLANG_WARN_RANGE_LOOP_ANALYSIS = YES;
				CLANG_WARN_STRICT_PROTOTYPES = YES;
				CLANG_WARN_SUSPICIOUS_MOVE = YES;
				CLANG_WARN_UNGUARDED_AVAILABILITY = YES_AGGRESSIVE;
				CLANG_WARN_UNREACHABLE_CODE = YES;
				CLANG_WARN__DUPLICATE_METHOD_MATCH = YES;
				COPY_PHASE_STRIP = NO;
				DEBUG_INFORMATION_FORMAT = "dwarf-with-dsym";
				ENABLE_NS_ASSERTIONS = NO;
				ENABLE_STRICT_OBJC_MSGSEND = YES;
				ENABLE_USER_SCRIPT_SANDBOXING = YES;
				GCC_C_LANGUAGE_STANDARD = gnu17;
				GCC_NO_COMMON_BLOCKS = YES;
				GCC_WARN_64_TO_32_BIT_CONVERSION = YES;
				GCC_WARN_ABOUT_RETURN_TYPE = YES_ERROR;
				GCC_WARN_UNDECLARED_SELECTOR = YES;
				GCC_WARN_UNINITIALIZED_AUTOS = YES_AGGRESSIVE;
				GCC_WARN_UNUSED_FUNCTION = YES;
				GCC_WARN_UNUSED_VARIABLE = YES;
				IPHONEOS_DEPLOYMENT_TARGET = 18.2;
				LOCALIZATION_PREFERS_STRING_CATALOGS = YES;
				MTL_ENABLE_DEBUG_INFO = NO;
				MTL_FAST_MATH = YES;
				SDKROOT = iphoneos;
				SWIFT_COMPILATION_MODE = wholemodule;
				VALIDATE_PRODUCT = YES;
			};
			name = Release;
		};
		409BF2C62D53B65D00399B14 /* Debug */ = {
			isa = XCBuildConfiguration;
			buildSettings = {
				BUNDLE_LOADER = "$(TEST_HOST)";
				CODE_SIGN_STYLE = Automatic;
				CURRENT_PROJECT_VERSION = 1;
				DEVELOPMENT_TEAM = M9MT23QW7V;
				GENERATE_INFOPLIST_FILE = YES;
				IPHONEOS_DEPLOYMENT_TARGET = 18.2;
				MARKETING_VERSION = 1.0;
				PRODUCT_BUNDLE_IDENTIFIER = "noahpope.Milestone4-HangManTests";
				PRODUCT_NAME = "$(TARGET_NAME)";
				SWIFT_EMIT_LOC_STRINGS = NO;
				SWIFT_VERSION = 5.0;
				TARGETED_DEVICE_FAMILY = "1,2";
				TEST_HOST = "$(BUILT_PRODUCTS_DIR)/Milestone4-HangMan.app/$(BUNDLE_EXECUTABLE_FOLDER_PATH)/Milestone4-HangMan";
			};
			name = Debug;
		};
		409BF2C72D53B65D00399B14 /* Release */ = {
			isa = XCBuildConfiguration;
			buildSettings = {
				BUNDLE_LOADER = "$(TEST_HOST)";
				CODE_SIGN_STYLE = Automatic;
				CURRENT_PROJECT_VERSION = 1;
				DEVELOPMENT_TEAM = M9MT23QW7V;
				GENERATE_INFOPLIST_FILE = YES;
				IPHONEOS_DEPLOYMENT_TARGET = 18.2;
				MARKETING_VERSION = 1.0;
				PRODUCT_BUNDLE_IDENTIFIER = "noahpope.Milestone4-HangManTests";
				PRODUCT_NAME = "$(TARGET_NAME)";
				SWIFT_EMIT_LOC_STRINGS = NO;
				SWIFT_VERSION = 5.0;
				TARGETED_DEVICE_FAMILY = "1,2";
				TEST_HOST = "$(BUILT_PRODUCTS_DIR)/Milestone4-HangMan.app/$(BUNDLE_EXECUTABLE_FOLDER_PATH)/Milestone4-HangMan";
			};
			name = Release;
		};
		409BF2C92D53B65D00399B14 /* Debug */ = {
			isa = XCBuildConfiguration;
			buildSettings = {
				CODE_SIGN_STYLE = Automatic;
				CURRENT_PROJECT_VERSION = 1;
				DEVELOPMENT_TEAM = M9MT23QW7V;
				GENERATE_INFOPLIST_FILE = YES;
				MARKETING_VERSION = 1.0;
				PRODUCT_BUNDLE_IDENTIFIER = "noahpope.Milestone4-HangManUITests";
				PRODUCT_NAME = "$(TARGET_NAME)";
				SWIFT_EMIT_LOC_STRINGS = NO;
				SWIFT_VERSION = 5.0;
				TARGETED_DEVICE_FAMILY = "1,2";
				TEST_TARGET_NAME = "Milestone4-HangMan";
			};
			name = Debug;
		};
		409BF2CA2D53B65D00399B14 /* Release */ = {
			isa = XCBuildConfiguration;
			buildSettings = {
				CODE_SIGN_STYLE = Automatic;
				CURRENT_PROJECT_VERSION = 1;
				DEVELOPMENT_TEAM = M9MT23QW7V;
				GENERATE_INFOPLIST_FILE = YES;
				MARKETING_VERSION = 1.0;
				PRODUCT_BUNDLE_IDENTIFIER = "noahpope.Milestone4-HangManUITests";
				PRODUCT_NAME = "$(TARGET_NAME)";
				SWIFT_EMIT_LOC_STRINGS = NO;
				SWIFT_VERSION = 5.0;
				TARGETED_DEVICE_FAMILY = "1,2";
				TEST_TARGET_NAME = "Milestone4-HangMan";
			};
			name = Release;
		};
/* End XCBuildConfiguration section */

/* Begin XCConfigurationList section */
		409BF28F2D53B65400399B14 /* Build configuration list for PBXProject "Milestone4-HangMan" */ = {
			isa = XCConfigurationList;
			buildConfigurations = (
				409BF2C32D53B65D00399B14 /* Debug */,
				409BF2C42D53B65D00399B14 /* Release */,
			);
			defaultConfigurationIsVisible = 0;
			defaultConfigurationName = Release;
		};
		409BF2C02D53B65D00399B14 /* Build configuration list for PBXNativeTarget "Milestone4-HangMan" */ = {
			isa = XCConfigurationList;
			buildConfigurations = (
				409BF2C12D53B65D00399B14 /* Debug */,
				409BF2C22D53B65D00399B14 /* Release */,
			);
			defaultConfigurationIsVisible = 0;
			defaultConfigurationName = Release;
		};
		409BF2C52D53B65D00399B14 /* Build configuration list for PBXNativeTarget "Milestone4-HangManTests" */ = {
			isa = XCConfigurationList;
			buildConfigurations = (
				409BF2C62D53B65D00399B14 /* Debug */,
				409BF2C72D53B65D00399B14 /* Release */,
			);
			defaultConfigurationIsVisible = 0;
			defaultConfigurationName = Release;
		};
		409BF2C82D53B65D00399B14 /* Build configuration list for PBXNativeTarget "Milestone4-HangManUITests" */ = {
			isa = XCConfigurationList;
			buildConfigurations = (
				409BF2C92D53B65D00399B14 /* Debug */,
				409BF2CA2D53B65D00399B14 /* Release */,
			);
			defaultConfigurationIsVisible = 0;
			defaultConfigurationName = Release;
		};
/* End XCConfigurationList section */

/* Begin XCVersionGroup section */
		409BF2D22D53B70D00399B14 /* Milestone4_HangMan.xcdatamodeld */ = {
			isa = XCVersionGroup;
			children = (
				409BF2D62D53B70D00399B14 /* Milestone4_HangMan.xcdatamodel */,
			);
			currentVersion = 409BF2D62D53B70D00399B14 /* Milestone4_HangMan.xcdatamodel */;
			path = Milestone4_HangMan.xcdatamodeld;
			sourceTree = "<group>";
			versionGroupType = wrapper.xcdatamodel;
		};
/* End XCVersionGroup section */
	};
	rootObject = 409BF28C2D53B65400399B14 /* Project object */;
}
